
Microsoft Visual Studio Solution File, Format Version 12.00
Project("{FAE04EC0-301F-11D3-BF4B-00C04F79EFBC}") = "radiation-pattern", "radiation-pattern\radiation-pattern.csproj", "{4BD7B47C-B80C-48E8-B142-6E052204801B}"
EndProject
Global
	GlobalSection(SolutionConfigurationPlatforms) = preSolution
		Debug|Any CPU = Debug|Any CPU
		Release|Any CPU = Release|Any CPU
	EndGlobalSection
	GlobalSection(ProjectConfigurationPlatforms) = postSolution
		{4BD7B47C-B80C-48E8-B142-6E052204801B}.Debug|Any CPU.ActiveCfg = Debug|Any CPU
		{4BD7B47C-B80C-48E8-B142-6E052204801B}.Debug|Any CPU.Build.0 = Debug|Any CPU
		{4BD7B47C-B80C-48E8-B142-6E052204801B}.Release|Any CPU.ActiveCfg = Release|Any CPU
		{4BD7B47C-B80C-48E8-B142-6E052204801B}.Release|Any CPU.Build.0 = Release|Any CPU
	EndGlobalSection
EndGlobal
